
Microsoft Visual Studio Solution File, Format Version 12.00
# Visual Studio 15
VisualStudioVersion = 15.0.27004.2005
MinimumVisualStudioVersion = 10.0.40219.1
Project("{FAE04EC0-301F-11D3-BF4B-00C04F79EFBC}") = "TaskMakerFreeWebApp", "TaskMakerFreeWebApp\TaskMakerFreeWebApp.csproj", "{BA602FB6-2531-4C92-B7C3-9D7EF70DF94E}"
EndProject
Global
	GlobalSection(SolutionConfigurationPlatforms) = preSolution
		Debug|Any CPU = Debug|Any CPU
		Release|Any CPU = Release|Any CPU
	EndGlobalSection
	GlobalSection(ProjectConfigurationPlatforms) = postSolution
		{BA602FB6-2531-4C92-B7C3-9D7EF70DF94E}.Debug|Any CPU.ActiveCfg = Debug|Any CPU
		{BA602FB6-2531-4C92-B7C3-9D7EF70DF94E}.Debug|Any CPU.Build.0 = Debug|Any CPU
		{BA602FB6-2531-4C92-B7C3-9D7EF70DF94E}.Release|Any CPU.ActiveCfg = Release|Any CPU
		{BA602FB6-2531-4C92-B7C3-9D7EF70DF94E}.Release|Any CPU.Build.0 = Release|Any CPU
	EndGlobalSection
	GlobalSection(SolutionProperties) = preSolution
		HideSolutionNode = FALSE
	EndGlobalSection
	GlobalSection(ExtensibilityGlobals) = postSolution
		SolutionGuid = {87D1EF5F-74A5-475A-B300-8E9751542BF8}
	EndGlobalSection
EndGlobal
